{
  "nodes": {
    "fenix": {
      "inputs": {
        "nixpkgs": [
          "nixpkgs"
        ],
        "rust-analyzer-src": "rust-analyzer-src"
      },
      "locked": {
        "lastModified": 1680070994,
        "narHash": "sha256-vKLhVH1SeI41lP+f2xIpZ+Fk3n5EiaYAKgHKEdQI25s=",
        "owner": "nix-community",
        "repo": "fenix",
        "rev": "50209eed527f46d82c154b615e31924374bc0385",
        "type": "github"
      },
      "original": {
        "owner": "nix-community",
        "repo": "fenix",
        "type": "github"
      }
    },
    "flake-utils": {
      "locked": {
        "lastModified": 1678901627,
        "narHash": "sha256-U02riOqrKKzwjsxc/400XnElV+UtPUQWpANPlyazjH0=",
        "owner": "numtide",
        "repo": "flake-utils",
        "rev": "93a2b84fc4b70d9e089d029deacc3583435c2ed6",
        "type": "github"
      },
      "original": {
        "owner": "numtide",
        "repo": "flake-utils",
        "type": "github"
      }
    },
    "naersk": {
      "inputs": {
        "nixpkgs": "nixpkgs"
      },
      "locked": {
        "lastModified": 1679567394,
        "narHash": "sha256-ZvLuzPeARDLiQUt6zSZFGOs+HZmE+3g4QURc8mkBsfM=",
        "owner": "nix-community",
        "repo": "naersk",
        "rev": "88cd22380154a2c36799fe8098888f0f59861a15",
        "type": "github"
      },
      "original": {
        "owner": "nix-community",
        "repo": "naersk",
        "type": "github"
      }
    },
    "nixpkgs": {
      "locked": {
        "lastModified": 1680121753,
        "narHash": "sha256-rB3ZnNodA4o8Rq0sKZ0t/YdY/MRon4V+bW1b20adgr4=",
        "owner": "NixOS",
        "repo": "nixpkgs",
        "rev": "e779e17ebdf3907ce08c75c7c1b2dc8a1c5038c9",
        "type": "github"
      },
      "original": {
        "id": "nixpkgs",
        "type": "indirect"
      }
    },
    "nixpkgs_2": {
      "locked": {
        "lastModified": 1680121753,
        "narHash": "sha256-rB3ZnNodA4o8Rq0sKZ0t/YdY/MRon4V+bW1b20adgr4=",
        "owner": "NixOS",
        "repo": "nixpkgs",
        "rev": "e779e17ebdf3907ce08c75c7c1b2dc8a1c5038c9",
        "type": "github"
      },
      "original": {
        "owner": "NixOS",
        "ref": "nixpkgs-unstable",
        "repo": "nixpkgs",
        "type": "github"
      }
    },
    "root": {
      "inputs": {
        "fenix": "fenix",
        "flake-utils": "flake-utils",
        "naersk": "naersk",
        "nixpkgs": "nixpkgs_2"
      }
    },
    "rust-analyzer-src": {
      "flake": false,
      "locked": {
        "lastModified": 1680007938,
        "narHash": "sha256-sj1Ii/CU7NCFnr2ODA5NQXZHIwQQ7YklC6ZsNkfD4/I=",
        "owner": "rust-lang",
        "repo": "rust-analyzer",
        "rev": "e7337fc9c3b4995fdab4e90871bfb48a26d5eaec",
        "type": "github"
      },
      "original": {
        "owner": "rust-lang",
        "ref": "nightly",
        "repo": "rust-analyzer",
        "type": "github"
      }
    }
  },
  "root": "root",
  "version": 7
}
